
Microsoft Visual Studio Solution File, Format Version 12.00
# Visual Studio Version 17
VisualStudioVersion = 17.0.31815.197
MinimumVisualStudioVersion = 10.0.40219.1
Project("{FAE04EC0-301F-11D3-BF4B-00C04F79EFBC}") = "CS350_BaggingApplication", "CS350_BaggingApplication\CS350_BaggingApplication.csproj", "{5974880B-C168-4EF3-8395-57E318F689D1}"
EndProject
Project("{FAE04EC0-301F-11D3-BF4B-00C04F79EFBC}") = "CS350_BaggingApplication.Tests", "CS350_BaggingApplication.Tests\CS350_BaggingApplication.Tests.csproj", "{E2F34AFE-9DF1-4150-A45A-A231C2E587A1}"
EndProject
Global
	GlobalSection(SolutionConfigurationPlatforms) = preSolution
		Debug|Any CPU = Debug|Any CPU
		Release|Any CPU = Release|Any CPU
	EndGlobalSection
	GlobalSection(ProjectConfigurationPlatforms) = postSolution
		{5974880B-C168-4EF3-8395-57E318F689D1}.Debug|Any CPU.ActiveCfg = Debug|Any CPU
		{5974880B-C168-4EF3-8395-57E318F689D1}.Debug|Any CPU.Build.0 = Debug|Any CPU
		{5974880B-C168-4EF3-8395-57E318F689D1}.Release|Any CPU.ActiveCfg = Release|Any CPU
		{5974880B-C168-4EF3-8395-57E318F689D1}.Release|Any CPU.Build.0 = Release|Any CPU
		{E2F34AFE-9DF1-4150-A45A-A231C2E587A1}.Debug|Any CPU.ActiveCfg = Debug|Any CPU
		{E2F34AFE-9DF1-4150-A45A-A231C2E587A1}.Debug|Any CPU.Build.0 = Debug|Any CPU
		{E2F34AFE-9DF1-4150-A45A-A231C2E587A1}.Release|Any CPU.ActiveCfg = Release|Any CPU
		{E2F34AFE-9DF1-4150-A45A-A231C2E587A1}.Release|Any CPU.Build.0 = Release|Any CPU
	EndGlobalSection
	GlobalSection(SolutionProperties) = preSolution
		HideSolutionNode = FALSE
	EndGlobalSection
	GlobalSection(ExtensibilityGlobals) = postSolution
		SolutionGuid = {C41B13B8-1416-4822-AF1D-50713FF2A460}
	EndGlobalSection
EndGlobal
